<Solution>
  <Folder Name="/.agents/">
    <File Path="AGENTS.md" />
  </Folder>
  <Folder Name="/.agents/agents/" />
  <Folder Name="/.agents/agents/builder/">
    <File Path="agent.md" />
  </Folder>
  <Folder Name="/.agents/agents/reviewer/" />
  <Folder Name="/.agents/rules/" />
  <Folder Name="/.agents/skills/" />
  <Folder Name="/.gemini/">
    <File Path="GEMINI.md" />
  </Folder>
  <Folder Name="/src/">
    <Project Path="InvenTrack.API/InvenTrack.API.csproj" />
    <Project Path="InvenTrack.Application/InvenTrack.Application.csproj" Id="c86d6cd0-d1d3-4e4f-b22c-d641bf4a079a" />
    <Project Path="InvenTrack.Domain/InvenTrack.Domain.csproj" Id="620d0f22-c2d7-40b4-8efb-8bf3b4467330" />
    <Project Path="InvenTrack.Infrastructure/InvenTrack.Infrastructure.csproj" Id="9f53e19e-8f6f-4f0c-97cc-bce8b3489938" />
  </Folder>
  <Folder Name="/tests/" />
</Solution>
